
Microsoft Visual Studio Solution File, Format Version 12.00
# Visual Studio Version 17
VisualStudioVersion = 17.3.32804.467
MinimumVisualStudioVersion = 10.0.40219.1
Project("{8BC9CEB8-8B4A-11D0-8D11-00A0C91BC942}") = "Ravish", "Ravish.vcxproj", "{A8F32498-DAF6-4EFA-B145-F815FEEE7982}"
EndProject
Project("{2150E333-8FDC-42A3-9474-1A3956D46DE8}") = "Solution Items", "Solution Items", "{BBEFDEF6-E60F-4D68-8628-E3B4B5F2C6CA}"
	ProjectSection(SolutionItems) = preProject
		ProjectReadMe.txt = ProjectReadMe.txt
	EndProjectSection
EndProject
Global
	GlobalSection(SolutionConfigurationPlatforms) = preSolution
		Debug|x64 = Debug|x64
		Debug|x86 = Debug|x86
		Release|x64 = Release|x64
		Release|x86 = Release|x86
	EndGlobalSection
	GlobalSection(ProjectConfigurationPlatforms) = postSolution
		{A8F32498-DAF6-4EFA-B145-F815FEEE7982}.Debug|x64.ActiveCfg = Debug|x64
		{A8F32498-DAF6-4EFA-B145-F815FEEE7982}.Debug|x64.Build.0 = Debug|x64
		{A8F32498-DAF6-4EFA-B145-F815FEEE7982}.Debug|x86.ActiveCfg = Debug|Win32
		{A8F32498-DAF6-4EFA-B145-F815FEEE7982}.Debug|x86.Build.0 = Debug|Win32
		{A8F32498-DAF6-4EFA-B145-F815FEEE7982}.Release|x64.ActiveCfg = Release|x64
		{A8F32498-DAF6-4EFA-B145-F815FEEE7982}.Release|x64.Build.0 = Release|x64
		{A8F32498-DAF6-4EFA-B145-F815FEEE7982}.Release|x86.ActiveCfg = Release|Win32
		{A8F32498-DAF6-4EFA-B145-F815FEEE7982}.Release|x86.Build.0 = Release|Win32
	EndGlobalSection
	GlobalSection(SolutionProperties) = preSolution
		HideSolutionNode = FALSE
	EndGlobalSection
	GlobalSection(ExtensibilityGlobals) = postSolution
		SolutionGuid = {AD8ABC69-43F9-41DD-AD8A-C2AA0A66D2C8}
	EndGlobalSection
EndGlobal
